
Microsoft Visual Studio Solution File, Format Version 12.00
Project("{2150E333-8FDC-42A3-9474-1A3956D46DE8}") = "src", "src", "{09EC2815-AA33-415D-9269-33849AB5FA76}"
EndProject
Project("{2150E333-8FDC-42A3-9474-1A3956D46DE8}") = "API", "API", "{14193E4E-0848-4EA7-A59E-118A6052F7C2}"
EndProject
Project("{2150E333-8FDC-42A3-9474-1A3956D46DE8}") = "Core", "Core", "{43E7EA61-A82F-496C-8D15-DB2B1CE0A850}"
EndProject
Project("{2150E333-8FDC-42A3-9474-1A3956D46DE8}") = "UI", "UI", "{F44091BA-71CE-45B0-A39E-BE3078259613}"
EndProject
Project("{2150E333-8FDC-42A3-9474-1A3956D46DE8}") = "Infrastructure", "Infrastructure", "{E4AA450B-DA3D-457B-B334-68F1F00EAD56}"
EndProject
Project("{2150E333-8FDC-42A3-9474-1A3956D46DE8}") = "Domain", "Domain", "{BBC00C41-1058-4D79-B8FA-66576CD8D5AF}"
EndProject
Project("{2150E333-8FDC-42A3-9474-1A3956D46DE8}") = "Application", "Application", "{BE0C7A02-ABD7-45BD-8A56-384C7528AA2B}"
EndProject
Project("{FAE04EC0-301F-11D3-BF4B-00C04F79EFBC}") = "HomeHive.Application", "HomeHive.Application\HomeHive.Application.csproj", "{2E3C4300-5E1F-4E51-B142-9D8FB797B0DD}"
EndProject
Project("{FAE04EC0-301F-11D3-BF4B-00C04F79EFBC}") = "HomeHive.Domain", "HomeHive.Domain\HomeHive.Domain.csproj", "{E6A003E5-CFC1-47DC-AA28-2DE4021FD4FC}"
EndProject
Project("{FAE04EC0-301F-11D3-BF4B-00C04F79EFBC}") = "HomeHive.Infrastructure", "HomeHive.Infrastructure\HomeHive.Infrastructure.csproj", "{55E91589-6A98-4FB2-A76B-417744665D93}"
EndProject
Project("{2150E333-8FDC-42A3-9474-1A3956D46DE8}") = "test", "test", "{92B2958A-00B0-4C83-AED8-1BE1FA351014}"
EndProject
Project("{FAE04EC0-301F-11D3-BF4B-00C04F79EFBC}") = "HomeHive.WebAPI", "HomeHive.WebAPI\HomeHive.WebAPI.csproj", "{71AACE87-F70F-4EDB-9D33-673D1EA32E94}"
EndProject
Project("{FAE04EC0-301F-11D3-BF4B-00C04F79EFBC}") = "HomeHive.Identity", "HomeHive.Identity\HomeHive.Identity.csproj", "{E4630F7C-01E2-4196-8513-A3B73AAE808F}"
EndProject
Global
	GlobalSection(SolutionConfigurationPlatforms) = preSolution
		Debug|Any CPU = Debug|Any CPU
		Release|Any CPU = Release|Any CPU
	EndGlobalSection
	GlobalSection(NestedProjects) = preSolution
		{14193E4E-0848-4EA7-A59E-118A6052F7C2} = {09EC2815-AA33-415D-9269-33849AB5FA76}
		{43E7EA61-A82F-496C-8D15-DB2B1CE0A850} = {09EC2815-AA33-415D-9269-33849AB5FA76}
		{F44091BA-71CE-45B0-A39E-BE3078259613} = {09EC2815-AA33-415D-9269-33849AB5FA76}
		{E4AA450B-DA3D-457B-B334-68F1F00EAD56} = {09EC2815-AA33-415D-9269-33849AB5FA76}
		{BBC00C41-1058-4D79-B8FA-66576CD8D5AF} = {43E7EA61-A82F-496C-8D15-DB2B1CE0A850}
		{BE0C7A02-ABD7-45BD-8A56-384C7528AA2B} = {43E7EA61-A82F-496C-8D15-DB2B1CE0A850}
		{2E3C4300-5E1F-4E51-B142-9D8FB797B0DD} = {BE0C7A02-ABD7-45BD-8A56-384C7528AA2B}
		{E6A003E5-CFC1-47DC-AA28-2DE4021FD4FC} = {BBC00C41-1058-4D79-B8FA-66576CD8D5AF}
		{55E91589-6A98-4FB2-A76B-417744665D93} = {E4AA450B-DA3D-457B-B334-68F1F00EAD56}
		{71AACE87-F70F-4EDB-9D33-673D1EA32E94} = {14193E4E-0848-4EA7-A59E-118A6052F7C2}
		{E4630F7C-01E2-4196-8513-A3B73AAE808F} = {E4AA450B-DA3D-457B-B334-68F1F00EAD56}
	EndGlobalSection
	GlobalSection(ProjectConfigurationPlatforms) = postSolution
		{2E3C4300-5E1F-4E51-B142-9D8FB797B0DD}.Debug|Any CPU.ActiveCfg = Debug|Any CPU
		{2E3C4300-5E1F-4E51-B142-9D8FB797B0DD}.Debug|Any CPU.Build.0 = Debug|Any CPU
		{2E3C4300-5E1F-4E51-B142-9D8FB797B0DD}.Release|Any CPU.ActiveCfg = Release|Any CPU
		{2E3C4300-5E1F-4E51-B142-9D8FB797B0DD}.Release|Any CPU.Build.0 = Release|Any CPU
		{E6A003E5-CFC1-47DC-AA28-2DE4021FD4FC}.Debug|Any CPU.ActiveCfg = Debug|Any CPU
		{E6A003E5-CFC1-47DC-AA28-2DE4021FD4FC}.Debug|Any CPU.Build.0 = Debug|Any CPU
		{E6A003E5-CFC1-47DC-AA28-2DE4021FD4FC}.Release|Any CPU.ActiveCfg = Release|Any CPU
		{E6A003E5-CFC1-47DC-AA28-2DE4021FD4FC}.Release|Any CPU.Build.0 = Release|Any CPU
		{55E91589-6A98-4FB2-A76B-417744665D93}.Debug|Any CPU.ActiveCfg = Debug|Any CPU
		{55E91589-6A98-4FB2-A76B-417744665D93}.Debug|Any CPU.Build.0 = Debug|Any CPU
		{55E91589-6A98-4FB2-A76B-417744665D93}.Release|Any CPU.ActiveCfg = Release|Any CPU
		{55E91589-6A98-4FB2-A76B-417744665D93}.Release|Any CPU.Build.0 = Release|Any CPU
		{71AACE87-F70F-4EDB-9D33-673D1EA32E94}.Debug|Any CPU.ActiveCfg = Debug|Any CPU
		{71AACE87-F70F-4EDB-9D33-673D1EA32E94}.Debug|Any CPU.Build.0 = Debug|Any CPU
		{71AACE87-F70F-4EDB-9D33-673D1EA32E94}.Release|Any CPU.ActiveCfg = Release|Any CPU
		{71AACE87-F70F-4EDB-9D33-673D1EA32E94}.Release|Any CPU.Build.0 = Release|Any CPU
		{E4630F7C-01E2-4196-8513-A3B73AAE808F}.Debug|Any CPU.ActiveCfg = Debug|Any CPU
		{E4630F7C-01E2-4196-8513-A3B73AAE808F}.Debug|Any CPU.Build.0 = Debug|Any CPU
		{E4630F7C-01E2-4196-8513-A3B73AAE808F}.Release|Any CPU.ActiveCfg = Release|Any CPU
		{E4630F7C-01E2-4196-8513-A3B73AAE808F}.Release|Any CPU.Build.0 = Release|Any CPU
	EndGlobalSection
EndGlobal
